// !$*UTF8*$!
{
	archiveVersion = 1;
	classes = {
	};
	objectVersion = 51;
	objects = {

/* Begin PBXBuildFile section */
		178B28D107E1D21AAC137BAC /* Pods_AnimationSpring.framework in Frameworks */ = {isa = PBXBuildFile; fileRef = 3A6BE1ED9F39FCD198325FE9 /* Pods_AnimationSpring.framework */; };
		56350424249B606D00869972 /* DataManager.swift in Sources */ = {isa = PBXBuildFile; fileRef = 56350423249B606D00869972 /* DataManager.swift */; };
		568A49742499D40A00AFFEF1 /* AppDelegate.swift in Sources */ = {isa = PBXBuildFile; fileRef = 568A49732499D40A00AFFEF1 /* AppDelegate.swift */; };
		568A49762499D40A00AFFEF1 /* SceneDelegate.swift in Sources */ = {isa = PBXBuildFile; fileRef = 568A49752499D40A00AFFEF1 /* SceneDelegate.swift */; };
		568A49782499D40A00AFFEF1 /* ViewController.swift in Sources */ = {isa = PBXBuildFile; fileRef = 568A49772499D40A00AFFEF1 /* ViewController.swift */; };
		568A497B2499D40A00AFFEF1 /* Main.storyboard in Resources */ = {isa = PBXBuildFile; fileRef = 568A49792499D40A00AFFEF1 /* Main.storyboard */; };
		568A497D2499D40A00AFFEF1 /* Assets.xcassets in Resources */ = {isa = PBXBuildFile; fileRef = 568A497C2499D40A00AFFEF1 /* Assets.xcassets */; };
		568A49802499D40A00AFFEF1 /* LaunchScreen.storyboard in Resources */ = {isa = PBXBuildFile; fileRef = 568A497E2499D40A00AFFEF1 /* LaunchScreen.storyboard */; };
		568A498F2499DC6A00AFFEF1 /* Animation.swift in Sources */ = {isa = PBXBuildFile; fileRef = 568A498E2499DC6A00AFFEF1 /* Animation.swift */; };
/* End PBXBuildFile section */

/* Begin PBXFileReference section */
		3A6BE1ED9F39FCD198325FE9 /* Pods_AnimationSpring.framework */ = {isa = PBXFileReference; explicitFileType = wrapper.framework; includeInIndex = 0; path = Pods_AnimationSpring.framework; sourceTree = BUILT_PRODUCTS_DIR; };
		47B1181EEFAABAD213EC88D1 /* Pods-AnimationSpring.release.xcconfig */ = {isa = PBXFileReference; includeInIndex = 1; lastKnownFileType = text.xcconfig; name = "Pods-AnimationSpring.release.xcconfig"; path = "Target Support Files/Pods-AnimationSpring/Pods-AnimationSpring.release.xcconfig"; sourceTree = "<group>"; };
		56350423249B606D00869972 /* DataManager.swift */ = {isa = PBXFileReference; lastKnownFileType = sourcecode.swift; path = DataManager.swift; sourceTree = "<group>"; };
		568A49702499D40A00AFFEF1 /* AnimationSpring.app */ = {isa = PBXFileReference; explicitFileType = wrapper.application; includeInIndex = 0; path = AnimationSpring.app; sourceTree = BUILT_PRODUCTS_DIR; };
		568A49732499D40A00AFFEF1 /* AppDelegate.swift */ = {isa = PBXFileReference; lastKnownFileType = sourcecode.swift; path = AppDelegate.swift; sourceTree = "<group>"; };
		568A49752499D40A00AFFEF1 /* SceneDelegate.swift */ = {isa = PBXFileReference; lastKnownFileType = sourcecode.swift; path = SceneDelegate.swift; sourceTree = "<group>"; };
		568A49772499D40A00AFFEF1 /* ViewController.swift */ = {isa = PBXFileReference; lastKnownFileType = sourcecode.swift; path = ViewController.swift; sourceTree = "<group>"; };
		568A497A2499D40A00AFFEF1 /* Base */ = {isa = PBXFileReference; lastKnownFileType = file.storyboard; name = Base; path = Base.lproj/Main.storyboard; sourceTree = "<group>"; };
		568A497C2499D40A00AFFEF1 /* Assets.xcassets */ = {isa = PBXFileReference; lastKnownFileType = folder.assetcatalog; path = Assets.xcassets; sourceTree = "<group>"; };
		568A497F2499D40A00AFFEF1 /* Base */ = {isa = PBXFileReference; lastKnownFileType = file.storyboard; name = Base; path = Base.lproj/LaunchScreen.storyboard; sourceTree = "<group>"; };
		568A49812499D40A00AFFEF1 /* Info.plist */ = {isa = PBXFileReference; lastKnownFileType = text.plist.xml; path = Info.plist; sourceTree = "<group>"; };
		568A498E2499DC6A00AFFEF1 /* Animation.swift */ = {isa = PBXFileReference; lastKnownFileType = sourcecode.swift; path = Animation.swift; sourceTree = "<group>"; };
		BE2CCD786B9ED8F31992BD24 /* Pods-AnimationSpring.debug.xcconfig */ = {isa = PBXFileReference; includeInIndex = 1; lastKnownFileType = text.xcconfig; name = "Pods-AnimationSpring.debug.xcconfig"; path = "Target Support Files/Pods-AnimationSpring/Pods-AnimationSpring.debug.xcconfig"; sourceTree = "<group>"; };
/* End PBXFileReference section */

/* Begin PBXFrameworksBuildPhase section */
		568A496D2499D40A00AFFEF1 /* Frameworks */ = {
			isa = PBXFrameworksBuildPhase;
			buildActionMask = 2147483647;
			files = (
				178B28D107E1D21AAC137BAC /* Pods_AnimationSpring.framework in Frameworks */,
			);
			runOnlyForDeploymentPostprocessing = 0;
		};
/* End PBXFrameworksBuildPhase section */

/* Begin PBXGroup section */
		568A49672499D40A00AFFEF1 = {
			isa = PBXGroup;
			children = (
				568A49722499D40A00AFFEF1 /* AnimationSpring */,
				568A49712499D40A00AFFEF1 /* Products */,
				9BEB845D70A46DE0FF5A2AAA /* Pods */,
				A61DBC27898300D85C82F3C4 /* Frameworks */,
			);
			sourceTree = "<group>";
		};
		568A49712499D40A00AFFEF1 /* Products */ = {
			isa = PBXGroup;
			children = (
				568A49702499D40A00AFFEF1 /* AnimationSpring.app */,
			);
			name = Products;
			sourceTree = "<group>";
		};
		568A49722499D40A00AFFEF1 /* AnimationSpring */ = {
			isa = PBXGroup;
			children = (
				568A49872499D65300AFFEF1 /* Controllers */,
				568A498C2499D6E100AFFEF1 /* Models */,
				568A49892499D68700AFFEF1 /* Storyboards */,
				568A498D2499D6E900AFFEF1 /* DataManagers */,
				568A49882499D66D00AFFEF1 /* Supporting Files */,
				568A498A2499D69E00AFFEF1 /* Sources */,
			);
			path = AnimationSpring;
			sourceTree = "<group>";
		};
		568A49872499D65300AFFEF1 /* Controllers */ = {
			isa = PBXGroup;
			children = (
				568A49772499D40A00AFFEF1 /* ViewController.swift */,
			);
			path = Controllers;
			sourceTree = "<group>";
		};
		568A49882499D66D00AFFEF1 /* Supporting Files */ = {
			isa = PBXGroup;
			children = (
				568A49732499D40A00AFFEF1 /* AppDelegate.swift */,
				568A49752499D40A00AFFEF1 /* SceneDelegate.swift */,
				568A49812499D40A00AFFEF1 /* Info.plist */,
			);
			path = "Supporting Files";
			sourceTree = "<group>";
		};
		568A49892499D68700AFFEF1 /* Storyboards */ = {
			isa = PBXGroup;
			children = (
				568A49792499D40A00AFFEF1 /* Main.storyboard */,
				568A497E2499D40A00AFFEF1 /* LaunchScreen.storyboard */,
			);
			path = Storyboards;
			sourceTree = "<group>";
		};
		568A498A2499D69E00AFFEF1 /* Sources */ = {
			isa = PBXGroup;
			children = (
				568A497C2499D40A00AFFEF1 /* Assets.xcassets */,
			);
			path = Sources;
			sourceTree = "<group>";
		};
		568A498C2499D6E100AFFEF1 /* Models */ = {
			isa = PBXGroup;
			children = (
				568A498E2499DC6A00AFFEF1 /* Animation.swift */,
			);
			path = Models;
			sourceTree = "<group>";
		};
		568A498D2499D6E900AFFEF1 /* DataManagers */ = {
			isa = PBXGroup;
			children = (
				56350423249B606D00869972 /* DataManager.swift */,
			);
			path = DataManagers;
			sourceTree = "<group>";
		};
		9BEB845D70A46DE0FF5A2AAA /* Pods */ = {
			isa = PBXGroup;
			children = (
				BE2CCD786B9ED8F31992BD24 /* Pods-AnimationSpring.debug.xcconfig */,
				47B1181EEFAABAD213EC88D1 /* Pods-AnimationSpring.release.xcconfig */,
			);
			path = Pods;
			sourceTree = "<group>";
		};
		A61DBC27898300D85C82F3C4 /* Frameworks */ = {
			isa = PBXGroup;
			children = (
				3A6BE1ED9F39FCD198325FE9 /* Pods_AnimationSpring.framework */,
			);
			name = Frameworks;
			sourceTree = "<group>";
		};
/* End PBXGroup section */

/* Begin PBXNativeTarget section */
		568A496F2499D40A00AFFEF1 /* AnimationSpring */ = {
			isa = PBXNativeTarget;
			buildConfigurationList = 568A49842499D40A00AFFEF1 /* Build configuration list for PBXNativeTarget "AnimationSpring" */;
			buildPhases = (
				CE1B3542EAA96E9D897F0097 /* [CP] Check Pods Manifest.lock */,
				568A496C2499D40A00AFFEF1 /* Sources */,
				568A496D2499D40A00AFFEF1 /* Frameworks */,
				568A496E2499D40A00AFFEF1 /* Resources */,
				CC65492C356DBF0206958D4C /* [CP] Embed Pods Frameworks */,
			);
			buildRules = (
			);
			dependencies = (
			);
			name = AnimationSpring;
			productName = AnimationSpring;
			productReference = 568A49702499D40A00AFFEF1 /* AnimationSpring.app */;
			productType = "com.apple.product-type.application";
		};
/* End PBXNativeTarget section */

/* Begin PBXProject section */
		568A49682499D40A00AFFEF1 /* Project object */ = {
			isa = PBXProject;
			attributes = {
				LastSwiftUpdateCheck = 1140;
				LastUpgradeCheck = 1140;
				ORGANIZATIONNAME = "Egor Ukolov";
				TargetAttributes = {
					568A496F2499D40A00AFFEF1 = {
						CreatedOnToolsVersion = 11.4;
					};
				};
			};
			buildConfigurationList = 568A496B2499D40A00AFFEF1 /* Build configuration list for PBXProject "AnimationSpring" */;
			compatibilityVersion = "Xcode 9.3";
			developmentRegion = en;
			hasScannedForEncodings = 0;
			knownRegions = (
				en,
				Base,
			);
			mainGroup = 568A49672499D40A00AFFEF1;
			productRefGroup = 568A49712499D40A00AFFEF1 /* Products */;
			projectDirPath = "";
			projectRoot = "";
			targets = (
				568A496F2499D40A00AFFEF1 /* AnimationSpring */,
			);
		};
/* End PBXProject section */

/* Begin PBXResourcesBuildPhase section */
		568A496E2499D40A00AFFEF1 /* Resources */ = {
			isa = PBXResourcesBuildPhase;
			buildActionMask = 2147483647;
			files = (
				568A49802499D40A00AFFEF1 /* LaunchScreen.storyboard in Resources */,
				568A497D2499D40A00AFFEF1 /* Assets.xcassets in Resources */,
				568A497B2499D40A00AFFEF1 /* Main.storyboard in Resources */,
			);
			runOnlyForDeploymentPostprocessing = 0;
		};
/* End PBXResourcesBuildPhase section */

/* Begin PBXShellScriptBuildPhase section */
		CC65492C356DBF0206958D4C /* [CP] Embed Pods Frameworks */ = {
			isa = PBXShellScriptBuildPhase;
			buildActionMask = 2147483647;
			files = (
			);
			inputFileListPaths = (
				"${PODS_ROOT}/Target Support Files/Pods-AnimationSpring/Pods-AnimationSpring-frameworks-${CONFIGURATION}-input-files.xcfilelist",
			);
			name = "[CP] Embed Pods Frameworks";
			outputFileListPaths = (
				"${PODS_ROOT}/Target Support Files/Pods-AnimationSpring/Pods-AnimationSpring-frameworks-${CONFIGURATION}-output-files.xcfilelist",
			);
			runOnlyForDeploymentPostprocessing = 0;
			shellPath = /bin/sh;
			shellScript = "\"${PODS_ROOT}/Target Support Files/Pods-AnimationSpring/Pods-AnimationSpring-frameworks.sh\"\n";
			showEnvVarsInLog = 0;
		};
		CE1B3542EAA96E9D897F0097 /* [CP] Check Pods Manifest.lock */ = {
			isa = PBXShellScriptBuildPhase;
			buildActionMask = 2147483647;
			files = (
			);
			inputFileListPaths = (
			);
			inputPaths = (
				"${PODS_PODFILE_DIR_PATH}/Podfile.lock",
				"${PODS_ROOT}/Manifest.lock",
			);
			name = "[CP] Check Pods Manifest.lock";
			outputFileListPaths = (
			);
			outputPaths = (
				"$(DERIVED_FILE_DIR)/Pods-AnimationSpring-checkManifestLockResult.txt",
			);
			runOnlyForDeploymentPostprocessing = 0;
			shellPath = /bin/sh;
			shellScript = "diff \"${PODS_PODFILE_DIR_PATH}/Podfile.lock\" \"${PODS_ROOT}/Manifest.lock\" > /dev/null\nif [ $? != 0 ] ; then\n    # print error to STDERR\n    echo \"error: The sandbox is not in sync with the Podfile.lock. Run 'pod install' or update your CocoaPods installation.\" >&2\n    exit 1\nfi\n# This output is used by Xcode 'outputs' to avoid re-running this script phase.\necho \"SUCCESS\" > \"${SCRIPT_OUTPUT_FILE_0}\"\n";
			showEnvVarsInLog = 0;
		};
/* End PBXShellScriptBuildPhase section */

/* Begin PBXSourcesBuildPhase section */
		568A496C2499D40A00AFFEF1 /* Sources */ = {
			isa = PBXSourcesBuildPhase;
			buildActionMask = 2147483647;
			files = (
				568A49782499D40A00AFFEF1 /* ViewController.swift in Sources */,
				56350424249B606D00869972 /* DataManager.swift in Sources */,
				568A49742499D40A00AFFEF1 /* AppDelegate.swift in Sources */,
				568A498F2499DC6A00AFFEF1 /* Animation.swift in Sources */,
				568A49762499D40A00AFFEF1 /* SceneDelegate.swift in Sources */,
			);
			runOnlyForDeploymentPostprocessing = 0;
		};
/* End PBXSourcesBuildPhase section */

/* Begin PBXVariantGroup section */
		568A49792499D40A00AFFEF1 /* Main.storyboard */ = {
			isa = PBXVariantGroup;
			children = (
				568A497A2499D40A00AFFEF1 /* Base */,
			);
			name = Main.storyboard;
			sourceTree = "<group>";
		};
		568A497E2499D40A00AFFEF1 /* LaunchScreen.storyboard */ = {
			isa = PBXVariantGroup;
			children = (
				568A497F2499D40A00AFFEF1 /* Base */,
			);
			name = LaunchScreen.storyboard;
			sourceTree = "<group>";
		};
/* End PBXVariantGroup section */

/* Begin XCBuildConfiguration section */
		568A49822499D40A00AFFEF1 /* Debug */ = {
			isa = XCBuildConfiguration;
			buildSettings = {
				ALWAYS_SEARCH_USER_PATHS = NO;
				CLANG_ANALYZER_NONNULL = YES;
				CLANG_ANALYZER_NUMBER_OBJECT_CONVERSION = YES_AGGRESSIVE;
				CLANG_CXX_LANGUAGE_STANDARD = "gnu++14";
				CLANG_CXX_LIBRARY = "libc++";
				CLANG_ENABLE_MODULES = YES;
				CLANG_ENABLE_OBJC_ARC = YES;
				CLANG_ENABLE_OBJC_WEAK = YES;
				CLANG_WARN_BLOCK_CAPTURE_AUTORELEASING = YES;
				CLANG_WARN_BOOL_CONVERSION = YES;
				CLANG_WARN_COMMA = YES;
				CLANG_WARN_CONSTANT_CONVERSION = YES;
				CLANG_WARN_DEPRECATED_OBJC_IMPLEMENTATIONS = YES;
				CLANG_WARN_DIRECT_OBJC_ISA_USAGE = YES_ERROR;
				CLANG_WARN_DOCUMENTATION_COMMENTS = YES;
				CLANG_WARN_EMPTY_BODY = YES;
				CLANG_WARN_ENUM_CONVERSION = YES;
				CLANG_WARN_INFINITE_RECURSION = YES;
				CLANG_WARN_INT_CONVERSION = YES;
				CLANG_WARN_NON_LITERAL_NULL_CONVERSION = YES;
				CLANG_WARN_OBJC_IMPLICIT_RETAIN_SELF = YES;
				CLANG_WARN_OBJC_LITERAL_CONVERSION = YES;
				CLANG_WARN_OBJC_ROOT_CLASS = YES_ERROR;
				CLANG_WARN_RANGE_LOOP_ANALYSIS = YES;
				CLANG_WARN_STRICT_PROTOTYPES = YES;
				CLANG_WARN_SUSPICIOUS_MOVE = YES;
				CLANG_WARN_UNGUARDED_AVAILABILITY = YES_AGGRESSIVE;
				CLANG_WARN_UNREACHABLE_CODE = YES;
				CLANG_WARN__DUPLICATE_METHOD_MATCH = YES;
				COPY_PHASE_STRIP = NO;
				DEBUG_INFORMATION_FORMAT = dwarf;
				ENABLE_STRICT_OBJC_MSGSEND = YES;
				ENABLE_TESTABILITY = YES;
				GCC_C_LANGUAGE_STANDARD = gnu11;
				GCC_DYNAMIC_NO_PIC = NO;
				GCC_NO_COMMON_BLOCKS = YES;
				GCC_OPTIMIZATION_LEVEL = 0;
				GCC_PREPROCESSOR_DEFINITIONS = (
					"DEBUG=1",
					"$(inherited)",
				);
				GCC_WARN_64_TO_32_BIT_CONVERSION = YES;
				GCC_WARN_ABOUT_RETURN_TYPE = YES_ERROR;
				GCC_WARN_UNDECLARED_SELECTOR = YES;
				GCC_WARN_UNINITIALIZED_AUTOS = YES_AGGRESSIVE;
				GCC_WARN_UNUSED_FUNCTION = YES;
				GCC_WARN_UNUSED_VARIABLE = YES;
				IPHONEOS_DEPLOYMENT_TARGET = 13.4;
				MTL_ENABLE_DEBUG_INFO = INCLUDE_SOURCE;
				MTL_FAST_MATH = YES;
				ONLY_ACTIVE_ARCH = YES;
				SDKROOT = iphoneos;
				SWIFT_ACTIVE_COMPILATION_CONDITIONS = DEBUG;
				SWIFT_OPTIMIZATION_LEVEL = "-Onone";
			};
			name = Debug;
		};
		568A49832499D40A00AFFEF1 /* Release */ = {
			isa = XCBuildConfiguration;
			buildSettings = {
				ALWAYS_SEARCH_USER_PATHS = NO;
				CLANG_ANALYZER_NONNULL = YES;
				CLANG_ANALYZER_NUMBER_OBJECT_CONVERSION = YES_AGGRESSIVE;
				CLANG_CXX_LANGUAGE_STANDARD = "gnu++14";
				CLANG_CXX_LIBRARY = "libc++";
				CLANG_ENABLE_MODULES = YES;
				CLANG_ENABLE_OBJC_ARC = YES;
				CLANG_ENABLE_OBJC_WEAK = YES;
				CLANG_WARN_BLOCK_CAPTURE_AUTORELEASING = YES;
				CLANG_WARN_BOOL_CONVERSION = YES;
				CLANG_WARN_COMMA = YES;
				CLANG_WARN_CONSTANT_CONVERSION = YES;
				CLANG_WARN_DEPRECATED_OBJC_IMPLEMENTATIONS = YES;
				CLANG_WARN_DIRECT_OBJC_ISA_USAGE = YES_ERROR;
				CLANG_WARN_DOCUMENTATION_COMMENTS = YES;
				CLANG_WARN_EMPTY_BODY = YES;
				CLANG_WARN_ENUM_CONVERSION = YES;
				CLANG_WARN_INFINITE_RECURSION = YES;
				CLANG_WARN_INT_CONVERSION = YES;
				CLANG_WARN_NON_LITERAL_NULL_CONVERSION = YES;
				CLANG_WARN_OBJC_IMPLICIT_RETAIN_SELF = YES;
				CLANG_WARN_OBJC_LITERAL_CONVERSION = YES;
				CLANG_WARN_OBJC_ROOT_CLASS = YES_ERROR;
				CLANG_WARN_RANGE_LOOP_ANALYSIS = YES;
				CLANG_WARN_STRICT_PROTOTYPES = YES;
				CLANG_WARN_SUSPICIOUS_MOVE = YES;
				CLANG_WARN_UNGUARDED_AVAILABILITY = YES_AGGRESSIVE;
				CLANG_WARN_UNREACHABLE_CODE = YES;
				CLANG_WARN__DUPLICATE_METHOD_MATCH = YES;
				COPY_PHASE_STRIP = NO;
				DEBUG_INFORMATION_FORMAT = "dwarf-with-dsym";
				ENABLE_NS_ASSERTIONS = NO;
				ENABLE_STRICT_OBJC_MSGSEND = YES;
				GCC_C_LANGUAGE_STANDARD = gnu11;
				GCC_NO_COMMON_BLOCKS = YES;
				GCC_WARN_64_TO_32_BIT_CONVERSION = YES;
				GCC_WARN_ABOUT_RETURN_TYPE = YES_ERROR;
				GCC_WARN_UNDECLARED_SELECTOR = YES;
				GCC_WARN_UNINITIALIZED_AUTOS = YES_AGGRESSIVE;
				GCC_WARN_UNUSED_FUNCTION = YES;
				GCC_WARN_UNUSED_VARIABLE = YES;
				IPHONEOS_DEPLOYMENT_TARGET = 13.4;
				MTL_ENABLE_DEBUG_INFO = NO;
				MTL_FAST_MATH = YES;
				SDKROOT = iphoneos;
				SWIFT_COMPILATION_MODE = wholemodule;
				SWIFT_OPTIMIZATION_LEVEL = "-O";
				VALIDATE_PRODUCT = YES;
			};
			name = Release;
		};
		568A49852499D40A00AFFEF1 /* Debug */ = {
			isa = XCBuildConfiguration;
			baseConfigurationReference = BE2CCD786B9ED8F31992BD24 /* Pods-AnimationSpring.debug.xcconfig */;
			buildSettings = {
				ASSETCATALOG_COMPILER_APPICON_NAME = AppIcon;
				CODE_SIGN_STYLE = Automatic;
				DEVELOPMENT_TEAM = 48X7U22M49;
				INFOPLIST_FILE = "AnimationSpring/Supporting Files/Info.plist";
				IPHONEOS_DEPLOYMENT_TARGET = 13.4;
				LD_RUNPATH_SEARCH_PATHS = (
					"$(inherited)",
					"@executable_path/Frameworks",
				);
				PRODUCT_BUNDLE_IDENTIFIER = "ru.ukolovegor23-yandex.AnimationSpring";
				PRODUCT_NAME = "$(TARGET_NAME)";
				SWIFT_VERSION = 5.0;
				TARGETED_DEVICE_FAMILY = 1;
			};
			name = Debug;
		};
		568A49862499D40A00AFFEF1 /* Release */ = {
			isa = XCBuildConfiguration;
			baseConfigurationReference = 47B1181EEFAABAD213EC88D1 /* Pods-AnimationSpring.release.xcconfig */;
			buildSettings = {
				ASSETCATALOG_COMPILER_APPICON_NAME = AppIcon;
				CODE_SIGN_STYLE = Automatic;
				DEVELOPMENT_TEAM = 48X7U22M49;
				INFOPLIST_FILE = "AnimationSpring/Supporting Files/Info.plist";
				IPHONEOS_DEPLOYMENT_TARGET = 13.4;
				LD_RUNPATH_SEARCH_PATHS = (
					"$(inherited)",
					"@executable_path/Frameworks",
				);
				PRODUCT_BUNDLE_IDENTIFIER = "ru.ukolovegor23-yandex.AnimationSpring";
				PRODUCT_NAME = "$(TARGET_NAME)";
				SWIFT_VERSION = 5.0;
				TARGETED_DEVICE_FAMILY = 1;
			};
			name = Release;
		};
/* End XCBuildConfiguration section */

/* Begin XCConfigurationList section */
		568A496B2499D40A00AFFEF1 /* Build configuration list for PBXProject "AnimationSpring" */ = {
			isa = XCConfigurationList;
			buildConfigurations = (
				568A49822499D40A00AFFEF1 /* Debug */,
				568A49832499D40A00AFFEF1 /* Release */,
			);
			defaultConfigurationIsVisible = 0;
			defaultConfigurationName = Release;
		};
		568A49842499D40A00AFFEF1 /* Build configuration list for PBXNativeTarget "AnimationSpring" */ = {
			isa = XCConfigurationList;
			buildConfigurations = (
				568A49852499D40A00AFFEF1 /* Debug */,
				568A49862499D40A00AFFEF1 /* Release */,
			);
			defaultConfigurationIsVisible = 0;
			defaultConfigurationName = Release;
		};
/* End XCConfigurationList section */
	};
	rootObject = 568A49682499D40A00AFFEF1 /* Project object */;
}
